
Microsoft Visual Studio Solution File, Format Version 12.00
# Visual Studio Version 16
VisualStudioVersion = 16.0.30114.105
MinimumVisualStudioVersion = 10.0.40219.1
Project("{FAE04EC0-301F-11D3-BF4B-00C04F79EFBC}") = "API", "API\API.csproj", "{F8637B3A-3B63-474D-92A3-56ADFD07F636}"
EndProject
Project("{FAE04EC0-301F-11D3-BF4B-00C04F79EFBC}") = "Application", "Application\Application.csproj", "{F026686A-B3AF-4B73-9EA9-7B19AC8DC7D8}"
EndProject
Project("{FAE04EC0-301F-11D3-BF4B-00C04F79EFBC}") = "Persistance", "Persistance\Persistance.csproj", "{AF69C454-F768-4C42-9C83-750F08239749}"
EndProject
Project("{FAE04EC0-301F-11D3-BF4B-00C04F79EFBC}") = "Domain", "Domain\Domain.csproj", "{D800E195-B750-4A98-9AB3-D73C440AF91F}"
EndProject
Project("{FAE04EC0-301F-11D3-BF4B-00C04F79EFBC}") = "Infrastructure", "Infrastructure\Infrastructure.csproj", "{1A5E0972-E0DD-4FB3-8FC2-0415673B7014}"
EndProject
Global
	GlobalSection(SolutionConfigurationPlatforms) = preSolution
		Debug|Any CPU = Debug|Any CPU
		Debug|x64 = Debug|x64
		Debug|x86 = Debug|x86
		Release|Any CPU = Release|Any CPU
		Release|x64 = Release|x64
		Release|x86 = Release|x86
	EndGlobalSection
	GlobalSection(SolutionProperties) = preSolution
		HideSolutionNode = FALSE
	EndGlobalSection
	GlobalSection(ProjectConfigurationPlatforms) = postSolution
		{F8637B3A-3B63-474D-92A3-56ADFD07F636}.Debug|Any CPU.ActiveCfg = Debug|Any CPU
		{F8637B3A-3B63-474D-92A3-56ADFD07F636}.Debug|Any CPU.Build.0 = Debug|Any CPU
		{F8637B3A-3B63-474D-92A3-56ADFD07F636}.Debug|x64.ActiveCfg = Debug|Any CPU
		{F8637B3A-3B63-474D-92A3-56ADFD07F636}.Debug|x64.Build.0 = Debug|Any CPU
		{F8637B3A-3B63-474D-92A3-56ADFD07F636}.Debug|x86.ActiveCfg = Debug|Any CPU
		{F8637B3A-3B63-474D-92A3-56ADFD07F636}.Debug|x86.Build.0 = Debug|Any CPU
		{F8637B3A-3B63-474D-92A3-56ADFD07F636}.Release|Any CPU.ActiveCfg = Release|Any CPU
		{F8637B3A-3B63-474D-92A3-56ADFD07F636}.Release|Any CPU.Build.0 = Release|Any CPU
		{F8637B3A-3B63-474D-92A3-56ADFD07F636}.Release|x64.ActiveCfg = Release|Any CPU
		{F8637B3A-3B63-474D-92A3-56ADFD07F636}.Release|x64.Build.0 = Release|Any CPU
		{F8637B3A-3B63-474D-92A3-56ADFD07F636}.Release|x86.ActiveCfg = Release|Any CPU
		{F8637B3A-3B63-474D-92A3-56ADFD07F636}.Release|x86.Build.0 = Release|Any CPU
		{F026686A-B3AF-4B73-9EA9-7B19AC8DC7D8}.Debug|Any CPU.ActiveCfg = Debug|Any CPU
		{F026686A-B3AF-4B73-9EA9-7B19AC8DC7D8}.Debug|Any CPU.Build.0 = Debug|Any CPU
		{F026686A-B3AF-4B73-9EA9-7B19AC8DC7D8}.Debug|x64.ActiveCfg = Debug|Any CPU
		{F026686A-B3AF-4B73-9EA9-7B19AC8DC7D8}.Debug|x64.Build.0 = Debug|Any CPU
		{F026686A-B3AF-4B73-9EA9-7B19AC8DC7D8}.Debug|x86.ActiveCfg = Debug|Any CPU
		{F026686A-B3AF-4B73-9EA9-7B19AC8DC7D8}.Debug|x86.Build.0 = Debug|Any CPU
		{F026686A-B3AF-4B73-9EA9-7B19AC8DC7D8}.Release|Any CPU.ActiveCfg = Release|Any CPU
		{F026686A-B3AF-4B73-9EA9-7B19AC8DC7D8}.Release|Any CPU.Build.0 = Release|Any CPU
		{F026686A-B3AF-4B73-9EA9-7B19AC8DC7D8}.Release|x64.ActiveCfg = Release|Any CPU
		{F026686A-B3AF-4B73-9EA9-7B19AC8DC7D8}.Release|x64.Build.0 = Release|Any CPU
		{F026686A-B3AF-4B73-9EA9-7B19AC8DC7D8}.Release|x86.ActiveCfg = Release|Any CPU
		{F026686A-B3AF-4B73-9EA9-7B19AC8DC7D8}.Release|x86.Build.0 = Release|Any CPU
		{AF69C454-F768-4C42-9C83-750F08239749}.Debug|Any CPU.ActiveCfg = Debug|Any CPU
		{AF69C454-F768-4C42-9C83-750F08239749}.Debug|Any CPU.Build.0 = Debug|Any CPU
		{AF69C454-F768-4C42-9C83-750F08239749}.Debug|x64.ActiveCfg = Debug|Any CPU
		{AF69C454-F768-4C42-9C83-750F08239749}.Debug|x64.Build.0 = Debug|Any CPU
		{AF69C454-F768-4C42-9C83-750F08239749}.Debug|x86.ActiveCfg = Debug|Any CPU
		{AF69C454-F768-4C42-9C83-750F08239749}.Debug|x86.Build.0 = Debug|Any CPU
		{AF69C454-F768-4C42-9C83-750F08239749}.Release|Any CPU.ActiveCfg = Release|Any CPU
		{AF69C454-F768-4C42-9C83-750F08239749}.Release|Any CPU.Build.0 = Release|Any CPU
		{AF69C454-F768-4C42-9C83-750F08239749}.Release|x64.ActiveCfg = Release|Any CPU
		{AF69C454-F768-4C42-9C83-750F08239749}.Release|x64.Build.0 = Release|Any CPU
		{AF69C454-F768-4C42-9C83-750F08239749}.Release|x86.ActiveCfg = Release|Any CPU
		{AF69C454-F768-4C42-9C83-750F08239749}.Release|x86.Build.0 = Release|Any CPU
		{D800E195-B750-4A98-9AB3-D73C440AF91F}.Debug|Any CPU.ActiveCfg = Debug|Any CPU
		{D800E195-B750-4A98-9AB3-D73C440AF91F}.Debug|Any CPU.Build.0 = Debug|Any CPU
		{D800E195-B750-4A98-9AB3-D73C440AF91F}.Debug|x64.ActiveCfg = Debug|Any CPU
		{D800E195-B750-4A98-9AB3-D73C440AF91F}.Debug|x64.Build.0 = Debug|Any CPU
		{D800E195-B750-4A98-9AB3-D73C440AF91F}.Debug|x86.ActiveCfg = Debug|Any CPU
		{D800E195-B750-4A98-9AB3-D73C440AF91F}.Debug|x86.Build.0 = Debug|Any CPU
		{D800E195-B750-4A98-9AB3-D73C440AF91F}.Release|Any CPU.ActiveCfg = Release|Any CPU
		{D800E195-B750-4A98-9AB3-D73C440AF91F}.Release|Any CPU.Build.0 = Release|Any CPU
		{D800E195-B750-4A98-9AB3-D73C440AF91F}.Release|x64.ActiveCfg = Release|Any CPU
		{D800E195-B750-4A98-9AB3-D73C440AF91F}.Release|x64.Build.0 = Release|Any CPU
		{D800E195-B750-4A98-9AB3-D73C440AF91F}.Release|x86.ActiveCfg = Release|Any CPU
		{D800E195-B750-4A98-9AB3-D73C440AF91F}.Release|x86.Build.0 = Release|Any CPU
		{1A5E0972-E0DD-4FB3-8FC2-0415673B7014}.Debug|Any CPU.ActiveCfg = Debug|Any CPU
		{1A5E0972-E0DD-4FB3-8FC2-0415673B7014}.Debug|Any CPU.Build.0 = Debug|Any CPU
		{1A5E0972-E0DD-4FB3-8FC2-0415673B7014}.Debug|x64.ActiveCfg = Debug|Any CPU
		{1A5E0972-E0DD-4FB3-8FC2-0415673B7014}.Debug|x64.Build.0 = Debug|Any CPU
		{1A5E0972-E0DD-4FB3-8FC2-0415673B7014}.Debug|x86.ActiveCfg = Debug|Any CPU
		{1A5E0972-E0DD-4FB3-8FC2-0415673B7014}.Debug|x86.Build.0 = Debug|Any CPU
		{1A5E0972-E0DD-4FB3-8FC2-0415673B7014}.Release|Any CPU.ActiveCfg = Release|Any CPU
		{1A5E0972-E0DD-4FB3-8FC2-0415673B7014}.Release|Any CPU.Build.0 = Release|Any CPU
		{1A5E0972-E0DD-4FB3-8FC2-0415673B7014}.Release|x64.ActiveCfg = Release|Any CPU
		{1A5E0972-E0DD-4FB3-8FC2-0415673B7014}.Release|x64.Build.0 = Release|Any CPU
		{1A5E0972-E0DD-4FB3-8FC2-0415673B7014}.Release|x86.ActiveCfg = Release|Any CPU
		{1A5E0972-E0DD-4FB3-8FC2-0415673B7014}.Release|x86.Build.0 = Release|Any CPU
	EndGlobalSection
EndGlobal
